
Microsoft Visual Studio Solution File, Format Version 12.00
Project("{2150E333-8FDC-42A3-9474-1A3956D46DE8}") = "Domain", "Domain", "{7B522219-9D88-483E-B01E-DF964FC4E643}"
EndProject
Project("{2150E333-8FDC-42A3-9474-1A3956D46DE8}") = "Bus", "Bus", "{9C45D3DE-732D-4FC6-B23B-A138410E1705}"
EndProject
Project("{FAE04EC0-301F-11D3-BF4B-00C04F79EFBC}") = "CallCenterSimulator.Domain.Core", "CallCenterSimulator.Domain.Core\CallCenterSimulator.Domain.Core.csproj", "{DBC32230-63AD-4E29-BBF2-E01E52E70887}"
EndProject
Project("{FAE04EC0-301F-11D3-BF4B-00C04F79EFBC}") = "CallCenterSimulator.Bus", "CallCenterSimulator.Bus\CallCenterSimulator.Bus.csproj", "{BF3D994A-8F11-4176-A6FF-3E683FEF5CDA}"
EndProject
Project("{2150E333-8FDC-42A3-9474-1A3956D46DE8}") = "Client", "Client", "{8485E81C-BA44-475F-AA22-2D74CE9F1D6B}"
EndProject
Project("{FAE04EC0-301F-11D3-BF4B-00C04F79EFBC}") = "CallCenterSimulator.Client.Api", "CallCenterSimulator.Client.Api\CallCenterSimulator.Client.Api.csproj", "{A624C118-8C43-446B-820F-357FF943B86C}"
EndProject
Project("{FAE04EC0-301F-11D3-BF4B-00C04F79EFBC}") = "CallCenterSimulator.Client.Domain", "CallCenterSimulator.Client.Domain\CallCenterSimulator.Client.Domain.csproj", "{0798E7E4-3D6A-45A4-A812-CB6434C3D6A5}"
EndProject
Project("{FAE04EC0-301F-11D3-BF4B-00C04F79EFBC}") = "CallCenterSimulator.Client", "CallCenterSimulator.Client\CallCenterSimulator.Client.csproj", "{5E2A05DB-90F6-4C6A-8012-CA6724ED1B46}"
EndProject
Project("{2150E333-8FDC-42A3-9474-1A3956D46DE8}") = "GrpcClient", "GrpcClient", "{5837BA4E-7562-43DA-8E02-5E05C4FAB088}"
EndProject
Project("{2150E333-8FDC-42A3-9474-1A3956D46DE8}") = "GrpcServer", "GrpcServer", "{3266AC2F-F934-4235-AFD3-0776DA53FDFB}"
EndProject
Project("{FAE04EC0-301F-11D3-BF4B-00C04F79EFBC}") = "CallCenterSimulator.Domain.GrpcServer.Core", "CallCenterSimulator.Domain.GrpcServer.Core\CallCenterSimulator.Domain.GrpcServer.Core.csproj", "{8ADE98DD-9291-4F95-B963-717EEFD70F12}"
EndProject
Project("{FAE04EC0-301F-11D3-BF4B-00C04F79EFBC}") = "CallCenterSimulator.Domain.GrpcClient.Core", "CallCenterSimulator.Domain.GrpcClient.Core\CallCenterSimulator.Domain.GrpcClient.Core.csproj", "{29CD3C15-38B6-41E1-AF22-F5C078F725E0}"
EndProject
Project("{2150E333-8FDC-42A3-9474-1A3956D46DE8}") = "Agent", "Agent", "{4602C52D-CC02-47ED-BD08-C9046EAB94C3}"
EndProject
Project("{FAE04EC0-301F-11D3-BF4B-00C04F79EFBC}") = "CallCenterSimulator.Agent.Api", "CallCenterSimulator.Agent.Api\CallCenterSimulator.Agent.Api.csproj", "{BC1717F7-2C0A-4E90-9A79-95DD0FF2FCFC}"
EndProject
Project("{FAE04EC0-301F-11D3-BF4B-00C04F79EFBC}") = "CallCenterSimulator.Agent.Domain", "CallCenterSimulator.Agent.Domain\CallCenterSimulator.Agent.Domain.csproj", "{FFCB128C-F6E3-4EF8-8C6D-590BF6F553A4}"
EndProject
Project("{FAE04EC0-301F-11D3-BF4B-00C04F79EFBC}") = "CallCenterSimulator.Agent.Data", "CallCenterSimulator.Agent.Data\CallCenterSimulator.Agent.Data.csproj", "{A2B68547-2901-48F1-B4EA-57CB4A33F5C9}"
EndProject
Global
	GlobalSection(SolutionConfigurationPlatforms) = preSolution
		Debug|Any CPU = Debug|Any CPU
		Release|Any CPU = Release|Any CPU
	EndGlobalSection
	GlobalSection(NestedProjects) = preSolution
		{DBC32230-63AD-4E29-BBF2-E01E52E70887} = {7B522219-9D88-483E-B01E-DF964FC4E643}
		{BF3D994A-8F11-4176-A6FF-3E683FEF5CDA} = {9C45D3DE-732D-4FC6-B23B-A138410E1705}
		{A624C118-8C43-446B-820F-357FF943B86C} = {8485E81C-BA44-475F-AA22-2D74CE9F1D6B}
		{0798E7E4-3D6A-45A4-A812-CB6434C3D6A5} = {8485E81C-BA44-475F-AA22-2D74CE9F1D6B}
		{5E2A05DB-90F6-4C6A-8012-CA6724ED1B46} = {8485E81C-BA44-475F-AA22-2D74CE9F1D6B}
		{5837BA4E-7562-43DA-8E02-5E05C4FAB088} = {7B522219-9D88-483E-B01E-DF964FC4E643}
		{3266AC2F-F934-4235-AFD3-0776DA53FDFB} = {7B522219-9D88-483E-B01E-DF964FC4E643}
		{8ADE98DD-9291-4F95-B963-717EEFD70F12} = {3266AC2F-F934-4235-AFD3-0776DA53FDFB}
		{29CD3C15-38B6-41E1-AF22-F5C078F725E0} = {5837BA4E-7562-43DA-8E02-5E05C4FAB088}
		{BC1717F7-2C0A-4E90-9A79-95DD0FF2FCFC} = {4602C52D-CC02-47ED-BD08-C9046EAB94C3}
		{FFCB128C-F6E3-4EF8-8C6D-590BF6F553A4} = {4602C52D-CC02-47ED-BD08-C9046EAB94C3}
		{A2B68547-2901-48F1-B4EA-57CB4A33F5C9} = {4602C52D-CC02-47ED-BD08-C9046EAB94C3}
	EndGlobalSection
	GlobalSection(ProjectConfigurationPlatforms) = postSolution
		{DBC32230-63AD-4E29-BBF2-E01E52E70887}.Debug|Any CPU.ActiveCfg = Debug|Any CPU
		{DBC32230-63AD-4E29-BBF2-E01E52E70887}.Debug|Any CPU.Build.0 = Debug|Any CPU
		{DBC32230-63AD-4E29-BBF2-E01E52E70887}.Release|Any CPU.ActiveCfg = Release|Any CPU
		{DBC32230-63AD-4E29-BBF2-E01E52E70887}.Release|Any CPU.Build.0 = Release|Any CPU
		{BF3D994A-8F11-4176-A6FF-3E683FEF5CDA}.Debug|Any CPU.ActiveCfg = Debug|Any CPU
		{BF3D994A-8F11-4176-A6FF-3E683FEF5CDA}.Debug|Any CPU.Build.0 = Debug|Any CPU
		{BF3D994A-8F11-4176-A6FF-3E683FEF5CDA}.Release|Any CPU.ActiveCfg = Release|Any CPU
		{BF3D994A-8F11-4176-A6FF-3E683FEF5CDA}.Release|Any CPU.Build.0 = Release|Any CPU
		{A624C118-8C43-446B-820F-357FF943B86C}.Debug|Any CPU.ActiveCfg = Debug|Any CPU
		{A624C118-8C43-446B-820F-357FF943B86C}.Debug|Any CPU.Build.0 = Debug|Any CPU
		{A624C118-8C43-446B-820F-357FF943B86C}.Release|Any CPU.ActiveCfg = Release|Any CPU
		{A624C118-8C43-446B-820F-357FF943B86C}.Release|Any CPU.Build.0 = Release|Any CPU
		{0798E7E4-3D6A-45A4-A812-CB6434C3D6A5}.Debug|Any CPU.ActiveCfg = Debug|Any CPU
		{0798E7E4-3D6A-45A4-A812-CB6434C3D6A5}.Debug|Any CPU.Build.0 = Debug|Any CPU
		{0798E7E4-3D6A-45A4-A812-CB6434C3D6A5}.Release|Any CPU.ActiveCfg = Release|Any CPU
		{0798E7E4-3D6A-45A4-A812-CB6434C3D6A5}.Release|Any CPU.Build.0 = Release|Any CPU
		{5E2A05DB-90F6-4C6A-8012-CA6724ED1B46}.Debug|Any CPU.ActiveCfg = Debug|Any CPU
		{5E2A05DB-90F6-4C6A-8012-CA6724ED1B46}.Debug|Any CPU.Build.0 = Debug|Any CPU
		{5E2A05DB-90F6-4C6A-8012-CA6724ED1B46}.Release|Any CPU.ActiveCfg = Release|Any CPU
		{5E2A05DB-90F6-4C6A-8012-CA6724ED1B46}.Release|Any CPU.Build.0 = Release|Any CPU
		{8ADE98DD-9291-4F95-B963-717EEFD70F12}.Debug|Any CPU.ActiveCfg = Debug|Any CPU
		{8ADE98DD-9291-4F95-B963-717EEFD70F12}.Debug|Any CPU.Build.0 = Debug|Any CPU
		{8ADE98DD-9291-4F95-B963-717EEFD70F12}.Release|Any CPU.ActiveCfg = Release|Any CPU
		{8ADE98DD-9291-4F95-B963-717EEFD70F12}.Release|Any CPU.Build.0 = Release|Any CPU
		{29CD3C15-38B6-41E1-AF22-F5C078F725E0}.Debug|Any CPU.ActiveCfg = Debug|Any CPU
		{29CD3C15-38B6-41E1-AF22-F5C078F725E0}.Debug|Any CPU.Build.0 = Debug|Any CPU
		{29CD3C15-38B6-41E1-AF22-F5C078F725E0}.Release|Any CPU.ActiveCfg = Release|Any CPU
		{29CD3C15-38B6-41E1-AF22-F5C078F725E0}.Release|Any CPU.Build.0 = Release|Any CPU
		{BC1717F7-2C0A-4E90-9A79-95DD0FF2FCFC}.Debug|Any CPU.ActiveCfg = Debug|Any CPU
		{BC1717F7-2C0A-4E90-9A79-95DD0FF2FCFC}.Debug|Any CPU.Build.0 = Debug|Any CPU
		{BC1717F7-2C0A-4E90-9A79-95DD0FF2FCFC}.Release|Any CPU.ActiveCfg = Release|Any CPU
		{BC1717F7-2C0A-4E90-9A79-95DD0FF2FCFC}.Release|Any CPU.Build.0 = Release|Any CPU
		{FFCB128C-F6E3-4EF8-8C6D-590BF6F553A4}.Debug|Any CPU.ActiveCfg = Debug|Any CPU
		{FFCB128C-F6E3-4EF8-8C6D-590BF6F553A4}.Debug|Any CPU.Build.0 = Debug|Any CPU
		{FFCB128C-F6E3-4EF8-8C6D-590BF6F553A4}.Release|Any CPU.ActiveCfg = Release|Any CPU
		{FFCB128C-F6E3-4EF8-8C6D-590BF6F553A4}.Release|Any CPU.Build.0 = Release|Any CPU
		{A2B68547-2901-48F1-B4EA-57CB4A33F5C9}.Debug|Any CPU.ActiveCfg = Debug|Any CPU
		{A2B68547-2901-48F1-B4EA-57CB4A33F5C9}.Debug|Any CPU.Build.0 = Debug|Any CPU
		{A2B68547-2901-48F1-B4EA-57CB4A33F5C9}.Release|Any CPU.ActiveCfg = Release|Any CPU
		{A2B68547-2901-48F1-B4EA-57CB4A33F5C9}.Release|Any CPU.Build.0 = Release|Any CPU
	EndGlobalSection
EndGlobal
